
Microsoft Visual Studio Solution File, Format Version 12.00
# Visual Studio 15
VisualStudioVersion = 15.0.26228.4
MinimumVisualStudioVersion = 10.0.40219.1
Project("{FAE04EC0-301F-11D3-BF4B-00C04F79EFBC}") = "Opgave 1", "Opgave 1\Opgave 1.csproj", "{EF50E9D9-3AA4-43F3-89AC-610BFF6C828F}"
EndProject
Project("{FAE04EC0-301F-11D3-BF4B-00C04F79EFBC}") = "Opgave 2", "Opgave 2\Opgave 2.csproj", "{9DB7DEF0-5329-41C5-8743-72BDEFF37A0E}"
EndProject
Project("{FAE04EC0-301F-11D3-BF4B-00C04F79EFBC}") = "Opgave 3", "Opgave 3\Opgave 3.csproj", "{08E62FBD-D063-42F7-A5B0-05F7018E515B}"
EndProject
Global
	GlobalSection(SolutionConfigurationPlatforms) = preSolution
		Debug|Any CPU = Debug|Any CPU
		Release|Any CPU = Release|Any CPU
	EndGlobalSection
	GlobalSection(ProjectConfigurationPlatforms) = postSolution
		{EF50E9D9-3AA4-43F3-89AC-610BFF6C828F}.Debug|Any CPU.ActiveCfg = Debug|Any CPU
		{EF50E9D9-3AA4-43F3-89AC-610BFF6C828F}.Debug|Any CPU.Build.0 = Debug|Any CPU
		{EF50E9D9-3AA4-43F3-89AC-610BFF6C828F}.Release|Any CPU.ActiveCfg = Release|Any CPU
		{EF50E9D9-3AA4-43F3-89AC-610BFF6C828F}.Release|Any CPU.Build.0 = Release|Any CPU
		{9DB7DEF0-5329-41C5-8743-72BDEFF37A0E}.Debug|Any CPU.ActiveCfg = Debug|Any CPU
		{9DB7DEF0-5329-41C5-8743-72BDEFF37A0E}.Debug|Any CPU.Build.0 = Debug|Any CPU
		{9DB7DEF0-5329-41C5-8743-72BDEFF37A0E}.Release|Any CPU.ActiveCfg = Release|Any CPU
		{9DB7DEF0-5329-41C5-8743-72BDEFF37A0E}.Release|Any CPU.Build.0 = Release|Any CPU
		{08E62FBD-D063-42F7-A5B0-05F7018E515B}.Debug|Any CPU.ActiveCfg = Debug|Any CPU
		{08E62FBD-D063-42F7-A5B0-05F7018E515B}.Debug|Any CPU.Build.0 = Debug|Any CPU
		{08E62FBD-D063-42F7-A5B0-05F7018E515B}.Release|Any CPU.ActiveCfg = Release|Any CPU
		{08E62FBD-D063-42F7-A5B0-05F7018E515B}.Release|Any CPU.Build.0 = Release|Any CPU
	EndGlobalSection
	GlobalSection(SolutionProperties) = preSolution
		HideSolutionNode = FALSE
	EndGlobalSection
EndGlobal
